// !$*UTF8*$!
{
	archiveVersion = 1;
	classes = {
	};
	objectVersion = 50;
	objects = {

/* Begin PBXBuildFile section */
		37AF4E1524ACA0F200C5A506 /* AppDelegate.swift in Sources */ = {isa = PBXBuildFile; fileRef = 37AF4E1424ACA0F200C5A506 /* AppDelegate.swift */; };
		37AF4E1724ACA0F200C5A506 /* SceneDelegate.swift in Sources */ = {isa = PBXBuildFile; fileRef = 37AF4E1624ACA0F200C5A506 /* SceneDelegate.swift */; };
		37AF4E1E24ACA0F500C5A506 /* Assets.xcassets in Resources */ = {isa = PBXBuildFile; fileRef = 37AF4E1D24ACA0F500C5A506 /* Assets.xcassets */; };
		37AF4E2E24ACA12600C5A506 /* themeSource.swift in Sources */ = {isa = PBXBuildFile; fileRef = 37AF4E2824ACA12600C5A506 /* themeSource.swift */; };
		37AF4E2F24ACA12600C5A506 /* punchSoundEffect2.m4a in Resources */ = {isa = PBXBuildFile; fileRef = 37AF4E2A24ACA12600C5A506 /* punchSoundEffect2.m4a */; };
		37AF4E3024ACA12600C5A506 /* punchSoundEffect1.m4a in Resources */ = {isa = PBXBuildFile; fileRef = 37AF4E2B24ACA12600C5A506 /* punchSoundEffect1.m4a */; };
		37AF4E3124ACA12600C5A506 /* applause.m4a in Resources */ = {isa = PBXBuildFile; fileRef = 37AF4E2C24ACA12600C5A506 /* applause.m4a */; };
		37AF4E3424ACA19400C5A506 /* ViewController.swift.swift in Sources */ = {isa = PBXBuildFile; fileRef = 37AF4E3324ACA19300C5A506 /* ViewController.swift.swift */; };
		37AF4E3724ACA1F200C5A506 /* LaunchScreen.storyboard in Resources */ = {isa = PBXBuildFile; fileRef = 37AF4E3524ACA1F100C5A506 /* LaunchScreen.storyboard */; };
		37AF4E3824ACA1F200C5A506 /* Main.storyboard in Resources */ = {isa = PBXBuildFile; fileRef = 37AF4E3624ACA1F100C5A506 /* Main.storyboard */; };
/* End PBXBuildFile section */

/* Begin PBXFileReference section */
		37AF4E1124ACA0F200C5A506 /* X-O HW.app */ = {isa = PBXFileReference; explicitFileType = wrapper.application; includeInIndex = 0; path = "X-O HW.app"; sourceTree = BUILT_PRODUCTS_DIR; };
		37AF4E1424ACA0F200C5A506 /* AppDelegate.swift */ = {isa = PBXFileReference; lastKnownFileType = sourcecode.swift; path = AppDelegate.swift; sourceTree = "<group>"; };
		37AF4E1624ACA0F200C5A506 /* SceneDelegate.swift */ = {isa = PBXFileReference; lastKnownFileType = sourcecode.swift; path = SceneDelegate.swift; sourceTree = "<group>"; };
		37AF4E1D24ACA0F500C5A506 /* Assets.xcassets */ = {isa = PBXFileReference; lastKnownFileType = folder.assetcatalog; path = Assets.xcassets; sourceTree = "<group>"; };
		37AF4E2224ACA0F500C5A506 /* Info.plist */ = {isa = PBXFileReference; lastKnownFileType = text.plist.xml; path = Info.plist; sourceTree = "<group>"; };
		37AF4E2824ACA12600C5A506 /* themeSource.swift */ = {isa = PBXFileReference; fileEncoding = 4; lastKnownFileType = sourcecode.swift; path = themeSource.swift; sourceTree = "<group>"; };
		37AF4E2A24ACA12600C5A506 /* punchSoundEffect2.m4a */ = {isa = PBXFileReference; lastKnownFileType = file; path = punchSoundEffect2.m4a; sourceTree = "<group>"; };
		37AF4E2B24ACA12600C5A506 /* punchSoundEffect1.m4a */ = {isa = PBXFileReference; lastKnownFileType = file; path = punchSoundEffect1.m4a; sourceTree = "<group>"; };
		37AF4E2C24ACA12600C5A506 /* applause.m4a */ = {isa = PBXFileReference; lastKnownFileType = file; path = applause.m4a; sourceTree = "<group>"; };
		37AF4E3324ACA19300C5A506 /* ViewController.swift.swift */ = {isa = PBXFileReference; fileEncoding = 4; lastKnownFileType = sourcecode.swift; path = ViewController.swift.swift; sourceTree = "<group>"; };
		37AF4E3524ACA1F100C5A506 /* LaunchScreen.storyboard */ = {isa = PBXFileReference; fileEncoding = 4; lastKnownFileType = file.storyboard; path = LaunchScreen.storyboard; sourceTree = "<group>"; };
		37AF4E3624ACA1F100C5A506 /* Main.storyboard */ = {isa = PBXFileReference; fileEncoding = 4; lastKnownFileType = file.storyboard; path = Main.storyboard; sourceTree = "<group>"; };
/* End PBXFileReference section */

/* Begin PBXFrameworksBuildPhase section */
		37AF4E0E24ACA0F200C5A506 /* Frameworks */ = {
			isa = PBXFrameworksBuildPhase;
			buildActionMask = 2147483647;
			files = (
			);
			runOnlyForDeploymentPostprocessing = 0;
		};
/* End PBXFrameworksBuildPhase section */

/* Begin PBXGroup section */
		37AF4E0824ACA0F100C5A506 = {
			isa = PBXGroup;
			children = (
				37AF4E1324ACA0F200C5A506 /* X-O HW */,
				37AF4E1224ACA0F200C5A506 /* Products */,
			);
			sourceTree = "<group>";
		};
		37AF4E1224ACA0F200C5A506 /* Products */ = {
			isa = PBXGroup;
			children = (
				37AF4E1124ACA0F200C5A506 /* X-O HW.app */,
			);
			name = Products;
			sourceTree = "<group>";
		};
		37AF4E1324ACA0F200C5A506 /* X-O HW */ = {
			isa = PBXGroup;
			children = (
				37AF4E1424ACA0F200C5A506 /* AppDelegate.swift */,
				37AF4E1624ACA0F200C5A506 /* SceneDelegate.swift */,
				37AF4E3324ACA19300C5A506 /* ViewController.swift.swift */,
				37AF4E2924ACA12600C5A506 /* SoundEffects */,
				37AF4E2824ACA12600C5A506 /* themeSource.swift */,
				37AF4E3524ACA1F100C5A506 /* LaunchScreen.storyboard */,
				37AF4E3624ACA1F100C5A506 /* Main.storyboard */,
				37AF4E1D24ACA0F500C5A506 /* Assets.xcassets */,
				37AF4E2224ACA0F500C5A506 /* Info.plist */,
			);
			path = "X-O HW";
			sourceTree = "<group>";
		};
		37AF4E2924ACA12600C5A506 /* SoundEffects */ = {
			isa = PBXGroup;
			children = (
				37AF4E2A24ACA12600C5A506 /* punchSoundEffect2.m4a */,
				37AF4E2B24ACA12600C5A506 /* punchSoundEffect1.m4a */,
				37AF4E2C24ACA12600C5A506 /* applause.m4a */,
			);
			path = SoundEffects;
			sourceTree = "<group>";
		};
/* End PBXGroup section */

/* Begin PBXNativeTarget section */
		37AF4E1024ACA0F200C5A506 /* X-O HW */ = {
			isa = PBXNativeTarget;
			buildConfigurationList = 37AF4E2524ACA0F500C5A506 /* Build configuration list for PBXNativeTarget "X-O HW" */;
			buildPhases = (
				37AF4E0D24ACA0F200C5A506 /* Sources */,
				37AF4E0E24ACA0F200C5A506 /* Frameworks */,
				37AF4E0F24ACA0F200C5A506 /* Resources */,
			);
			buildRules = (
			);
			dependencies = (
			);
			name = "X-O HW";
			productName = "X-O HW";
			productReference = 37AF4E1124ACA0F200C5A506 /* X-O HW.app */;
			productType = "com.apple.product-type.application";
		};
/* End PBXNativeTarget section */

/* Begin PBXProject section */
		37AF4E0924ACA0F100C5A506 /* Project object */ = {
			isa = PBXProject;
			attributes = {
				LastSwiftUpdateCheck = 1150;
				LastUpgradeCheck = 1150;
				ORGANIZATIONNAME = ljmutawa;
				TargetAttributes = {
					37AF4E1024ACA0F200C5A506 = {
						CreatedOnToolsVersion = 11.5;
					};
				};
			};
			buildConfigurationList = 37AF4E0C24ACA0F100C5A506 /* Build configuration list for PBXProject "X-O HW" */;
			compatibilityVersion = "Xcode 9.3";
			developmentRegion = en;
			hasScannedForEncodings = 0;
			knownRegions = (
				en,
				Base,
			);
			mainGroup = 37AF4E0824ACA0F100C5A506;
			productRefGroup = 37AF4E1224ACA0F200C5A506 /* Products */;
			projectDirPath = "";
			projectRoot = "";
			targets = (
				37AF4E1024ACA0F200C5A506 /* X-O HW */,
			);
		};
/* End PBXProject section */

/* Begin PBXResourcesBuildPhase section */
		37AF4E0F24ACA0F200C5A506 /* Resources */ = {
			isa = PBXResourcesBuildPhase;
			buildActionMask = 2147483647;
			files = (
				37AF4E3024ACA12600C5A506 /* punchSoundEffect1.m4a in Resources */,
				37AF4E1E24ACA0F500C5A506 /* Assets.xcassets in Resources */,
				37AF4E3824ACA1F200C5A506 /* Main.storyboard in Resources */,
				37AF4E3124ACA12600C5A506 /* applause.m4a in Resources */,
				37AF4E3724ACA1F200C5A506 /* LaunchScreen.storyboard in Resources */,
				37AF4E2F24ACA12600C5A506 /* punchSoundEffect2.m4a in Resources */,
			);
			runOnlyForDeploymentPostprocessing = 0;
		};
/* End PBXResourcesBuildPhase section */

/* Begin PBXSourcesBuildPhase section */
		37AF4E0D24ACA0F200C5A506 /* Sources */ = {
			isa = PBXSourcesBuildPhase;
			buildActionMask = 2147483647;
			files = (
				37AF4E2E24ACA12600C5A506 /* themeSource.swift in Sources */,
				37AF4E1524ACA0F200C5A506 /* AppDelegate.swift in Sources */,
				37AF4E3424ACA19400C5A506 /* ViewController.swift.swift in Sources */,
				37AF4E1724ACA0F200C5A506 /* SceneDelegate.swift in Sources */,
			);
			runOnlyForDeploymentPostprocessing = 0;
		};
/* End PBXSourcesBuildPhase section */

/* Begin XCBuildConfiguration section */
		37AF4E2324ACA0F500C5A506 /* Debug */ = {
			isa = XCBuildConfiguration;
			buildSettings = {
				ALWAYS_SEARCH_USER_PATHS = NO;
				CLANG_ANALYZER_NONNULL = YES;
				CLANG_ANALYZER_NUMBER_OBJECT_CONVERSION = YES_AGGRESSIVE;
				CLANG_CXX_LANGUAGE_STANDARD = "gnu++14";
				CLANG_CXX_LIBRARY = "libc++";
				CLANG_ENABLE_MODULES = YES;
				CLANG_ENABLE_OBJC_ARC = YES;
				CLANG_ENABLE_OBJC_WEAK = YES;
				CLANG_WARN_BLOCK_CAPTURE_AUTORELEASING = YES;
				CLANG_WARN_BOOL_CONVERSION = YES;
				CLANG_WARN_COMMA = YES;
				CLANG_WARN_CONSTANT_CONVERSION = YES;
				CLANG_WARN_DEPRECATED_OBJC_IMPLEMENTATIONS = YES;
				CLANG_WARN_DIRECT_OBJC_ISA_USAGE = YES_ERROR;
				CLANG_WARN_DOCUMENTATION_COMMENTS = YES;
				CLANG_WARN_EMPTY_BODY = YES;
				CLANG_WARN_ENUM_CONVERSION = YES;
				CLANG_WARN_INFINITE_RECURSION = YES;
				CLANG_WARN_INT_CONVERSION = YES;
				CLANG_WARN_NON_LITERAL_NULL_CONVERSION = YES;
				CLANG_WARN_OBJC_IMPLICIT_RETAIN_SELF = YES;
				CLANG_WARN_OBJC_LITERAL_CONVERSION = YES;
				CLANG_WARN_OBJC_ROOT_CLASS = YES_ERROR;
				CLANG_WARN_RANGE_LOOP_ANALYSIS = YES;
				CLANG_WARN_STRICT_PROTOTYPES = YES;
				CLANG_WARN_SUSPICIOUS_MOVE = YES;
				CLANG_WARN_UNGUARDED_AVAILABILITY = YES_AGGRESSIVE;
				CLANG_WARN_UNREACHABLE_CODE = YES;
				CLANG_WARN__DUPLICATE_METHOD_MATCH = YES;
				COPY_PHASE_STRIP = NO;
				DEBUG_INFORMATION_FORMAT = dwarf;
				ENABLE_STRICT_OBJC_MSGSEND = YES;
				ENABLE_TESTABILITY = YES;
				GCC_C_LANGUAGE_STANDARD = gnu11;
				GCC_DYNAMIC_NO_PIC = NO;
				GCC_NO_COMMON_BLOCKS = YES;
				GCC_OPTIMIZATION_LEVEL = 0;
				GCC_PREPROCESSOR_DEFINITIONS = (
					"DEBUG=1",
					"$(inherited)",
				);
				GCC_WARN_64_TO_32_BIT_CONVERSION = YES;
				GCC_WARN_ABOUT_RETURN_TYPE = YES_ERROR;
				GCC_WARN_UNDECLARED_SELECTOR = YES;
				GCC_WARN_UNINITIALIZED_AUTOS = YES_AGGRESSIVE;
				GCC_WARN_UNUSED_FUNCTION = YES;
				GCC_WARN_UNUSED_VARIABLE = YES;
				IPHONEOS_DEPLOYMENT_TARGET = 13.5;
				MTL_ENABLE_DEBUG_INFO = INCLUDE_SOURCE;
				MTL_FAST_MATH = YES;
				ONLY_ACTIVE_ARCH = YES;
				SDKROOT = iphoneos;
				SWIFT_ACTIVE_COMPILATION_CONDITIONS = DEBUG;
				SWIFT_OPTIMIZATION_LEVEL = "-Onone";
			};
			name = Debug;
		};
		37AF4E2424ACA0F500C5A506 /* Release */ = {
			isa = XCBuildConfiguration;
			buildSettings = {
				ALWAYS_SEARCH_USER_PATHS = NO;
				CLANG_ANALYZER_NONNULL = YES;
				CLANG_ANALYZER_NUMBER_OBJECT_CONVERSION = YES_AGGRESSIVE;
				CLANG_CXX_LANGUAGE_STANDARD = "gnu++14";
				CLANG_CXX_LIBRARY = "libc++";
				CLANG_ENABLE_MODULES = YES;
				CLANG_ENABLE_OBJC_ARC = YES;
				CLANG_ENABLE_OBJC_WEAK = YES;
				CLANG_WARN_BLOCK_CAPTURE_AUTORELEASING = YES;
				CLANG_WARN_BOOL_CONVERSION = YES;
				CLANG_WARN_COMMA = YES;
				CLANG_WARN_CONSTANT_CONVERSION = YES;
				CLANG_WARN_DEPRECATED_OBJC_IMPLEMENTATIONS = YES;
				CLANG_WARN_DIRECT_OBJC_ISA_USAGE = YES_ERROR;
				CLANG_WARN_DOCUMENTATION_COMMENTS = YES;
				CLANG_WARN_EMPTY_BODY = YES;
				CLANG_WARN_ENUM_CONVERSION = YES;
				CLANG_WARN_INFINITE_RECURSION = YES;
				CLANG_WARN_INT_CONVERSION = YES;
				CLANG_WARN_NON_LITERAL_NULL_CONVERSION = YES;
				CLANG_WARN_OBJC_IMPLICIT_RETAIN_SELF = YES;
				CLANG_WARN_OBJC_LITERAL_CONVERSION = YES;
				CLANG_WARN_OBJC_ROOT_CLASS = YES_ERROR;
				CLANG_WARN_RANGE_LOOP_ANALYSIS = YES;
				CLANG_WARN_STRICT_PROTOTYPES = YES;
				CLANG_WARN_SUSPICIOUS_MOVE = YES;
				CLANG_WARN_UNGUARDED_AVAILABILITY = YES_AGGRESSIVE;
				CLANG_WARN_UNREACHABLE_CODE = YES;
				CLANG_WARN__DUPLICATE_METHOD_MATCH = YES;
				COPY_PHASE_STRIP = NO;
				DEBUG_INFORMATION_FORMAT = "dwarf-with-dsym";
				ENABLE_NS_ASSERTIONS = NO;
				ENABLE_STRICT_OBJC_MSGSEND = YES;
				GCC_C_LANGUAGE_STANDARD = gnu11;
				GCC_NO_COMMON_BLOCKS = YES;
				GCC_WARN_64_TO_32_BIT_CONVERSION = YES;
				GCC_WARN_ABOUT_RETURN_TYPE = YES_ERROR;
				GCC_WARN_UNDECLARED_SELECTOR = YES;
				GCC_WARN_UNINITIALIZED_AUTOS = YES_AGGRESSIVE;
				GCC_WARN_UNUSED_FUNCTION = YES;
				GCC_WARN_UNUSED_VARIABLE = YES;
				IPHONEOS_DEPLOYMENT_TARGET = 13.5;
				MTL_ENABLE_DEBUG_INFO = NO;
				MTL_FAST_MATH = YES;
				SDKROOT = iphoneos;
				SWIFT_COMPILATION_MODE = wholemodule;
				SWIFT_OPTIMIZATION_LEVEL = "-O";
				VALIDATE_PRODUCT = YES;
			};
			name = Release;
		};
		37AF4E2624ACA0F500C5A506 /* Debug */ = {
			isa = XCBuildConfiguration;
			buildSettings = {
				ASSETCATALOG_COMPILER_APPICON_NAME = AppIcon;
				CODE_SIGN_STYLE = Automatic;
				DEVELOPMENT_TEAM = FSC6LA5VZH;
				INFOPLIST_FILE = "X-O HW/Info.plist";
				LD_RUNPATH_SEARCH_PATHS = (
					"$(inherited)",
					"@executable_path/Frameworks",
				);
				PRODUCT_BUNDLE_IDENTIFIER = "com.laila.X-O-HW";
				PRODUCT_NAME = "$(TARGET_NAME)";
				SWIFT_VERSION = 5.0;
				TARGETED_DEVICE_FAMILY = 1;
			};
			name = Debug;
		};
		37AF4E2724ACA0F500C5A506 /* Release */ = {
			isa = XCBuildConfiguration;
			buildSettings = {
				ASSETCATALOG_COMPILER_APPICON_NAME = AppIcon;
				CODE_SIGN_STYLE = Automatic;
				DEVELOPMENT_TEAM = FSC6LA5VZH;
				INFOPLIST_FILE = "X-O HW/Info.plist";
				LD_RUNPATH_SEARCH_PATHS = (
					"$(inherited)",
					"@executable_path/Frameworks",
				);
				PRODUCT_BUNDLE_IDENTIFIER = "com.laila.X-O-HW";
				PRODUCT_NAME = "$(TARGET_NAME)";
				SWIFT_VERSION = 5.0;
				TARGETED_DEVICE_FAMILY = 1;
			};
			name = Release;
		};
/* End XCBuildConfiguration section */

/* Begin XCConfigurationList section */
		37AF4E0C24ACA0F100C5A506 /* Build configuration list for PBXProject "X-O HW" */ = {
			isa = XCConfigurationList;
			buildConfigurations = (
				37AF4E2324ACA0F500C5A506 /* Debug */,
				37AF4E2424ACA0F500C5A506 /* Release */,
			);
			defaultConfigurationIsVisible = 0;
			defaultConfigurationName = Release;
		};
		37AF4E2524ACA0F500C5A506 /* Build configuration list for PBXNativeTarget "X-O HW" */ = {
			isa = XCConfigurationList;
			buildConfigurations = (
				37AF4E2624ACA0F500C5A506 /* Debug */,
				37AF4E2724ACA0F500C5A506 /* Release */,
			);
			defaultConfigurationIsVisible = 0;
			defaultConfigurationName = Release;
		};
/* End XCConfigurationList section */
	};
	rootObject = 37AF4E0924ACA0F100C5A506 /* Project object */;
}
